<?xml version="1.0" encoding="utf-8"?>
<Project ToolsVersion="4.0" xmlns="http://schemas.microsoft.com/developer/msbuild/2003">
  <ItemGroup>
    <Filter Include="Source Files">
      <UniqueIdentifier>{4FC737F1-C7A5-4376-A066-2A32D752A2FF}</UniqueIdentifier>
      <Extensions>qml;cpp;c;cc;cxx;def;odl;idl;hpj;bat;asm;asmx</Extensions>
    </Filter>
    <Filter Include="Header Files">
      <UniqueIdentifier>{93995380-89BD-4b04-88EB-625FBE52EBFB}</UniqueIdentifier>
      <Extensions>h;hh;hpp;hxx;hm;inl;inc;xsd</Extensions>
    </Filter>
    <Filter Include="Resource Files">
      <UniqueIdentifier>{67DA6AB6-F800-4c08-8B7A-83BB121AAD01}</UniqueIdentifier>
      <Extensions>qrc;rc;ico;cur;bmp;dlg;rc2;rct;bin;rgs;gif;jpg;jpeg;jpe;resx;tiff;tif;png;wav;mfcribbon-ms</Extensions>
    </Filter>
    <Filter Include="Form Files">
      <UniqueIdentifier>{99349809-55BA-4b9d-BF79-8FDBB0286EB3}</UniqueIdentifier>
      <Extensions>ui</Extensions>
    </Filter>
    <Filter Include="Translation Files">
      <UniqueIdentifier>{639EADAA-A684-42e4-A9AD-28FC9BCB8F7C}</UniqueIdentifier>
      <Extensions>ts</Extensions>
    </Filter>
  </ItemGroup>
  <ItemGroup>
    <ClCompile Include="main.cpp">
      <Filter>Source Files</Filter>
    </ClCompile>
    <ClCompile Include="staticfilecontroller.cpp">
      <Filter>Source Files</Filter>
    </ClCompile>
    <ClCompile Include="httpconnectionhandler.cpp">
      <Filter>Source Files</Filter>
    </ClCompile>
    <ClCompile Include="httpconnectionhandlerpool.cpp">
      <Filter>Source Files</Filter>
    </ClCompile>
    <ClCompile Include="httpcookie.cpp">
      <Filter>Source Files</Filter>
    </ClCompile>
    <ClCompile Include="httpglobal.cpp">
      <Filter>Source Files</Filter>
    </ClCompile>
    <ClCompile Include="httplistener.cpp">
      <Filter>Source Files</Filter>
    </ClCompile>
    <ClCompile Include="httprequest.cpp">
      <Filter>Source Files</Filter>
    </ClCompile>
    <ClCompile Include="httprequesthandler.cpp">
      <Filter>Source Files</Filter>
    </ClCompile>
    <ClCompile Include="httpresponse.cpp">
      <Filter>Source Files</Filter>
    </ClCompile>
    <ClCompile Include="httpsession.cpp">
      <Filter>Source Files</Filter>
    </ClCompile>
    <ClCompile Include="httpsessionstore.cpp">
      <Filter>Source Files</Filter>
    </ClCompile>
    <ClCompile Include="httpServer.cpp">
      <Filter>Source Files</Filter>
    </ClCompile>
  </ItemGroup>
  <ItemGroup>
    <QtMoc Include="staticfilecontroller.h">
      <Filter>Header Files</Filter>
    </QtMoc>
    <QtMoc Include="httpconnectionhandler.h">
      <Filter>Header Files</Filter>
    </QtMoc>
    <QtMoc Include="httpconnectionhandlerpool.h">
      <Filter>Header Files</Filter>
    </QtMoc>
    <QtMoc Include="httplistener.h">
      <Filter>Header Files</Filter>
    </QtMoc>
    <QtMoc Include="httprequesthandler.h">
      <Filter>Header Files</Filter>
    </QtMoc>
    <QtMoc Include="httpsessionstore.h">
      <Filter>Header Files</Filter>
    </QtMoc>
    <QtMoc Include="httpServer.h">
      <Filter>Header Files</Filter>
    </QtMoc>
  </ItemGroup>
  <ItemGroup>
    <ClInclude Include="httpcookie.h">
      <Filter>Header Files</Filter>
    </ClInclude>
    <ClInclude Include="httpglobal.h">
      <Filter>Header Files</Filter>
    </ClInclude>
    <ClInclude Include="httprequest.h">
      <Filter>Header Files</Filter>
    </ClInclude>
    <ClInclude Include="httpresponse.h">
      <Filter>Header Files</Filter>
    </ClInclude>
    <ClInclude Include="httpsession.h">
      <Filter>Header Files</Filter>
    </ClInclude>
  </ItemGroup>
</Project>